
Microsoft Visual Studio Solution File, Format Version 12.00
# Visual Studio Version 16
VisualStudioVersion = 16.0.31229.75
MinimumVisualStudioVersion = 10.0.40219.1
Project("{9A19103F-16F7-4668-BE54-9A1E7A4F7556}") = "FundooController", "FundooController.csproj", "{71FC2FEE-EDC5-45EB-A564-A06689C43959}"
EndProject
Project("{9A19103F-16F7-4668-BE54-9A1E7A4F7556}") = "FundooModel", "..\ModelClass\FundooModel.csproj", "{9CC2FD98-5A8C-4A43-9C37-466EB9E75944}"
EndProject
Project("{9A19103F-16F7-4668-BE54-9A1E7A4F7556}") = "FundooRepository", "..\Repository\FundooRepository.csproj", "{243A07CA-2583-47A4-B92B-6FA02DC7606B}"
EndProject
Project("{9A19103F-16F7-4668-BE54-9A1E7A4F7556}") = "FundooManager", "..\Manager\FundooManager.csproj", "{B5B69935-5358-4D3B-9FFA-146578F78AE1}"
EndProject
Project("{FAE04EC0-301F-11D3-BF4B-00C04F79EFBC}") = "LoggerService", "..\LoggerService\LoggerService.csproj", "{197A2595-32C0-4A76-83FF-D65C4FCC2E39}"
EndProject
Global
	GlobalSection(SolutionConfigurationPlatforms) = preSolution
		Debug|Any CPU = Debug|Any CPU
		Release|Any CPU = Release|Any CPU
	EndGlobalSection
	GlobalSection(ProjectConfigurationPlatforms) = postSolution
		{71FC2FEE-EDC5-45EB-A564-A06689C43959}.Debug|Any CPU.ActiveCfg = Debug|Any CPU
		{71FC2FEE-EDC5-45EB-A564-A06689C43959}.Debug|Any CPU.Build.0 = Debug|Any CPU
		{71FC2FEE-EDC5-45EB-A564-A06689C43959}.Release|Any CPU.ActiveCfg = Release|Any CPU
		{71FC2FEE-EDC5-45EB-A564-A06689C43959}.Release|Any CPU.Build.0 = Release|Any CPU
		{9CC2FD98-5A8C-4A43-9C37-466EB9E75944}.Debug|Any CPU.ActiveCfg = Debug|Any CPU
		{9CC2FD98-5A8C-4A43-9C37-466EB9E75944}.Debug|Any CPU.Build.0 = Debug|Any CPU
		{9CC2FD98-5A8C-4A43-9C37-466EB9E75944}.Release|Any CPU.ActiveCfg = Release|Any CPU
		{9CC2FD98-5A8C-4A43-9C37-466EB9E75944}.Release|Any CPU.Build.0 = Release|Any CPU
		{243A07CA-2583-47A4-B92B-6FA02DC7606B}.Debug|Any CPU.ActiveCfg = Debug|Any CPU
		{243A07CA-2583-47A4-B92B-6FA02DC7606B}.Debug|Any CPU.Build.0 = Debug|Any CPU
		{243A07CA-2583-47A4-B92B-6FA02DC7606B}.Release|Any CPU.ActiveCfg = Release|Any CPU
		{243A07CA-2583-47A4-B92B-6FA02DC7606B}.Release|Any CPU.Build.0 = Release|Any CPU
		{B5B69935-5358-4D3B-9FFA-146578F78AE1}.Debug|Any CPU.ActiveCfg = Debug|Any CPU
		{B5B69935-5358-4D3B-9FFA-146578F78AE1}.Debug|Any CPU.Build.0 = Debug|Any CPU
		{B5B69935-5358-4D3B-9FFA-146578F78AE1}.Release|Any CPU.ActiveCfg = Release|Any CPU
		{B5B69935-5358-4D3B-9FFA-146578F78AE1}.Release|Any CPU.Build.0 = Release|Any CPU
		{197A2595-32C0-4A76-83FF-D65C4FCC2E39}.Debug|Any CPU.ActiveCfg = Debug|Any CPU
		{197A2595-32C0-4A76-83FF-D65C4FCC2E39}.Debug|Any CPU.Build.0 = Debug|Any CPU
		{197A2595-32C0-4A76-83FF-D65C4FCC2E39}.Release|Any CPU.ActiveCfg = Release|Any CPU
		{197A2595-32C0-4A76-83FF-D65C4FCC2E39}.Release|Any CPU.Build.0 = Release|Any CPU
	EndGlobalSection
	GlobalSection(SolutionProperties) = preSolution
		HideSolutionNode = FALSE
	EndGlobalSection
	GlobalSection(ExtensibilityGlobals) = postSolution
		SolutionGuid = {5C1665D8-E355-474F-ADDF-CE6892A0BECE}
	EndGlobalSection
EndGlobal
